
Microsoft Visual Studio Solution File, Format Version 12.00
# Visual Studio Version 17
VisualStudioVersion = 17.3.32901.215
MinimumVisualStudioVersion = 10.0.40219.1
Project("{8BC9CEB8-8B4A-11D0-8D11-00A0C91BC942}") = "portal2-internal", "portal2-internal\portal2-internal.vcxproj", "{2407CD2B-DA0F-4117-8FDB-5A08068E8E89}"
EndProject
Project("{8BC9CEB8-8B4A-11D0-8D11-00A0C91BC942}") = "portal2-injector", "portal2-injector\portal2-injector.vcxproj", "{5B776901-130B-4A1A-BAF4-BA9854B6EF46}"
EndProject
Project("{2150E333-8FDC-42A3-9474-1A3956D46DE8}") = "Solution Items", "Solution Items", "{E4C9A89D-5A38-457C-A16B-919B56848595}"
	ProjectSection(SolutionItems) = preProject
		.clang-format = .clang-format
	EndProjectSection
EndProject
Global
	GlobalSection(SolutionConfigurationPlatforms) = preSolution
		Debug|x64 = Debug|x64
		Debug|x86 = Debug|x86
		Release|x64 = Release|x64
		Release|x86 = Release|x86
	EndGlobalSection
	GlobalSection(ProjectConfigurationPlatforms) = postSolution
		{2407CD2B-DA0F-4117-8FDB-5A08068E8E89}.Debug|x64.ActiveCfg = Debug|x64
		{2407CD2B-DA0F-4117-8FDB-5A08068E8E89}.Debug|x64.Build.0 = Debug|x64
		{2407CD2B-DA0F-4117-8FDB-5A08068E8E89}.Debug|x86.ActiveCfg = Debug|Win32
		{2407CD2B-DA0F-4117-8FDB-5A08068E8E89}.Debug|x86.Build.0 = Debug|Win32
		{2407CD2B-DA0F-4117-8FDB-5A08068E8E89}.Release|x64.ActiveCfg = Release|x64
		{2407CD2B-DA0F-4117-8FDB-5A08068E8E89}.Release|x64.Build.0 = Release|x64
		{2407CD2B-DA0F-4117-8FDB-5A08068E8E89}.Release|x86.ActiveCfg = Release|Win32
		{2407CD2B-DA0F-4117-8FDB-5A08068E8E89}.Release|x86.Build.0 = Release|Win32
		{5B776901-130B-4A1A-BAF4-BA9854B6EF46}.Debug|x64.ActiveCfg = Debug|x64
		{5B776901-130B-4A1A-BAF4-BA9854B6EF46}.Debug|x64.Build.0 = Debug|x64
		{5B776901-130B-4A1A-BAF4-BA9854B6EF46}.Debug|x86.ActiveCfg = Debug|Win32
		{5B776901-130B-4A1A-BAF4-BA9854B6EF46}.Debug|x86.Build.0 = Debug|Win32
		{5B776901-130B-4A1A-BAF4-BA9854B6EF46}.Release|x64.ActiveCfg = Release|x64
		{5B776901-130B-4A1A-BAF4-BA9854B6EF46}.Release|x64.Build.0 = Release|x64
		{5B776901-130B-4A1A-BAF4-BA9854B6EF46}.Release|x86.ActiveCfg = Release|Win32
		{5B776901-130B-4A1A-BAF4-BA9854B6EF46}.Release|x86.Build.0 = Release|Win32
	EndGlobalSection
	GlobalSection(SolutionProperties) = preSolution
		HideSolutionNode = FALSE
	EndGlobalSection
	GlobalSection(ExtensibilityGlobals) = postSolution
		SolutionGuid = {C517D348-CB48-4862-8A35-5D20ADA5FEB2}
	EndGlobalSection
EndGlobal
