<?xml version="1.0" encoding="utf-8"?>
<Project ToolsVersion="4.0" xmlns="http://schemas.microsoft.com/developer/msbuild/2003">
  <ItemGroup>
    <Filter Include="Source Files">
      <UniqueIdentifier>{4FC737F1-C7A5-4376-A066-2A32D752A2FF}</UniqueIdentifier>
      <Extensions>cpp;c;cc;cxx;c++;cppm;ixx;def;odl;idl;hpj;bat;asm;asmx</Extensions>
    </Filter>
    <Filter Include="Header Files">
      <UniqueIdentifier>{93995380-89BD-4b04-88EB-625FBE52EBFB}</UniqueIdentifier>
      <Extensions>h;hh;hpp;hxx;h++;hm;inl;inc;ipp;xsd</Extensions>
    </Filter>
    <Filter Include="Resource Files">
      <UniqueIdentifier>{67DA6AB6-F800-4c08-8B7A-83BB121AAD01}</UniqueIdentifier>
      <Extensions>rc;ico;cur;bmp;dlg;rc2;rct;bin;rgs;gif;jpg;jpeg;jpe;resx;tiff;tif;png;wav;mfcribbon-ms</Extensions>
    </Filter>
  </ItemGroup>
  <ItemGroup>
    <ClCompile Include="dllmain.cpp">
      <Filter>Source Files</Filter>
    </ClCompile>
    <ClCompile Include="hack\core.cpp">
      <Filter>Source Files</Filter>
    </ClCompile>
    <ClCompile Include="util\logger\logger.cpp">
      <Filter>Source Files</Filter>
    </ClCompile>
    <ClCompile Include="sdk\portal.cpp">
      <Filter>Source Files</Filter>
    </ClCompile>
    <ClCompile Include="util\mem\mem.cpp">
      <Filter>Source Files</Filter>
    </ClCompile>
    <ClCompile Include="util\hooking\vmt\vmt.cpp">
      <Filter>Source Files</Filter>
    </ClCompile>
    <ClCompile Include="hack\hooks\hooks.cpp">
      <Filter>Source Files</Filter>
    </ClCompile>
    <ClCompile Include="hack\hooks\hooked\create_move.cpp">
      <Filter>Source Files</Filter>
    </ClCompile>
    <ClCompile Include="util\hooking\detours\detours.cpp">
      <Filter>Source Files</Filter>
    </ClCompile>
    <ClCompile Include="hack\features\misc\bhop.cpp">
      <Filter>Source Files</Filter>
    </ClCompile>
    <ClCompile Include="hack\menu\imgui\impls\imgui_impl_dx9.cpp">
      <Filter>Source Files</Filter>
    </ClCompile>
    <ClCompile Include="hack\menu\imgui\impls\imgui_impl_win32.cpp">
      <Filter>Source Files</Filter>
    </ClCompile>
    <ClCompile Include="hack\menu\imgui\imgui.cpp">
      <Filter>Source Files</Filter>
    </ClCompile>
    <ClCompile Include="hack\menu\imgui\imgui_draw.cpp">
      <Filter>Source Files</Filter>
    </ClCompile>
    <ClCompile Include="hack\menu\imgui\imgui_tables.cpp">
      <Filter>Source Files</Filter>
    </ClCompile>
    <ClCompile Include="hack\menu\imgui\imgui_widgets.cpp">
      <Filter>Source Files</Filter>
    </ClCompile>
    <ClCompile Include="hack\menu\menu.cpp">
      <Filter>Source Files</Filter>
    </ClCompile>
    <ClCompile Include="hack\hooks\hooked\present.cpp">
      <Filter>Source Files</Filter>
    </ClCompile>
    <ClCompile Include="hack\hooks\hooked\reset.cpp">
      <Filter>Source Files</Filter>
    </ClCompile>
    <ClCompile Include="hack\hooks\hooked\wndproc.cpp">
      <Filter>Source Files</Filter>
    </ClCompile>
    <ClCompile Include="util\input\input.cpp">
      <Filter>Source Files</Filter>
    </ClCompile>
    <ClCompile Include="hack\cfg\cfg.cpp">
      <Filter>Source Files</Filter>
    </ClCompile>
    <ClCompile Include="hack\hooks\hooked\set_cursor_lock.cpp">
      <Filter>Source Files</Filter>
    </ClCompile>
    <ClCompile Include="hack\menu\ui\imgui_custom.cpp">
      <Filter>Source Files</Filter>
    </ClCompile>
  </ItemGroup>
  <ItemGroup>
    <ClInclude Include="hack\hack.h">
      <Filter>Header Files</Filter>
    </ClInclude>
    <ClInclude Include="util\logger\logger.h">
      <Filter>Header Files</Filter>
    </ClInclude>
    <ClInclude Include="util\util.h">
      <Filter>Header Files</Filter>
    </ClInclude>
    <ClInclude Include="globals.h">
      <Filter>Header Files</Filter>
    </ClInclude>
    <ClInclude Include="sdk\portal.h">
      <Filter>Header Files</Filter>
    </ClInclude>
    <ClInclude Include="util\mem\mem.h">
      <Filter>Header Files</Filter>
    </ClInclude>
    <ClInclude Include="util\mem\addr\addr.h">
      <Filter>Header Files</Filter>
    </ClInclude>
    <ClInclude Include="util\mem\module\module.h">
      <Filter>Header Files</Filter>
    </ClInclude>
    <ClInclude Include="sdk\interfaces\c_engine_client.h">
      <Filter>Header Files</Filter>
    </ClInclude>
    <ClInclude Include="sdk\interfaces\interfaces.h">
      <Filter>Header Files</Filter>
    </ClInclude>
    <ClInclude Include="util\hooking\hooking.h">
      <Filter>Header Files</Filter>
    </ClInclude>
    <ClInclude Include="util\hooking\vmt\vmt.h">
      <Filter>Header Files</Filter>
    </ClInclude>
    <ClInclude Include="hack\hooks\hooks.h">
      <Filter>Header Files</Filter>
    </ClInclude>
    <ClInclude Include="sdk\interfaces\c_hl_client.h">
      <Filter>Header Files</Filter>
    </ClInclude>
    <ClInclude Include="util\hooking\detours\mh\minhook.h">
      <Filter>Header Files</Filter>
    </ClInclude>
    <ClInclude Include="util\hooking\detours\detours.h">
      <Filter>Header Files</Filter>
    </ClInclude>
    <ClInclude Include="sdk\structs\c_usercmd.h">
      <Filter>Header Files</Filter>
    </ClInclude>
    <ClInclude Include="sdk\interfaces\c_input.h">
      <Filter>Header Files</Filter>
    </ClInclude>
    <ClInclude Include="sdk\interfaces\c_entitylist.h">
      <Filter>Header Files</Filter>
    </ClInclude>
    <ClInclude Include="sdk\misc\ang_t.h">
      <Filter>Header Files</Filter>
    </ClInclude>
    <ClInclude Include="sdk\misc\vec_t.h">
      <Filter>Header Files</Filter>
    </ClInclude>
    <ClInclude Include="sdk\enums\enums.h">
      <Filter>Header Files</Filter>
    </ClInclude>
    <ClInclude Include="sdk\enums\e_cmd_buttons.h">
      <Filter>Header Files</Filter>
    </ClInclude>
    <ClInclude Include="hack\features\features.h">
      <Filter>Header Files</Filter>
    </ClInclude>
    <ClInclude Include="hack\features\misc\misc.h">
      <Filter>Header Files</Filter>
    </ClInclude>
    <ClInclude Include="util\valve\valve.h">
      <Filter>Header Files</Filter>
    </ClInclude>
    <ClInclude Include="sdk\structs\c_base_entity.h">
      <Filter>Header Files</Filter>
    </ClInclude>
    <ClInclude Include="sdk\structs\c_base_player.h">
      <Filter>Header Files</Filter>
    </ClInclude>
    <ClInclude Include="sdk\enums\e_ent_flags.h">
      <Filter>Header Files</Filter>
    </ClInclude>
    <ClInclude Include="sdk\misc\recv.h">
      <Filter>Header Files</Filter>
    </ClInclude>
    <ClInclude Include="sdk\misc\client_class.h">
      <Filter>Header Files</Filter>
    </ClInclude>
    <ClInclude Include="hack\menu\imgui\impls\imgui_impl_dx9.h">
      <Filter>Header Files</Filter>
    </ClInclude>
    <ClInclude Include="hack\menu\imgui\impls\imgui_impl_win32.h">
      <Filter>Header Files</Filter>
    </ClInclude>
    <ClInclude Include="hack\menu\imgui\imconfig.h">
      <Filter>Header Files</Filter>
    </ClInclude>
    <ClInclude Include="hack\menu\imgui\imgui.h">
      <Filter>Header Files</Filter>
    </ClInclude>
    <ClInclude Include="hack\menu\imgui\imgui_internal.h">
      <Filter>Header Files</Filter>
    </ClInclude>
    <ClInclude Include="hack\menu\imgui\imstb_rectpack.h">
      <Filter>Header Files</Filter>
    </ClInclude>
    <ClInclude Include="hack\menu\imgui\imstb_textedit.h">
      <Filter>Header Files</Filter>
    </ClInclude>
    <ClInclude Include="hack\menu\imgui\imstb_truetype.h">
      <Filter>Header Files</Filter>
    </ClInclude>
    <ClInclude Include="hack\menu\menu.h">
      <Filter>Header Files</Filter>
    </ClInclude>
    <ClInclude Include="util\input\input.h">
      <Filter>Header Files</Filter>
    </ClInclude>
    <ClInclude Include="hack\cfg\cfg.h">
      <Filter>Header Files</Filter>
    </ClInclude>
    <ClInclude Include="hack\cfg\opts.h">
      <Filter>Header Files</Filter>
    </ClInclude>
    <ClInclude Include="hack\cfg\detail\json.hpp">
      <Filter>Header Files</Filter>
    </ClInclude>
    <ClInclude Include="sdk\interfaces\i_surface.h">
      <Filter>Header Files</Filter>
    </ClInclude>
    <ClInclude Include="hack\menu\ui\imgui_custom.h">
      <Filter>Header Files</Filter>
    </ClInclude>
  </ItemGroup>
  <ItemGroup>
    <Library Include="util\hooking\detours\mh\minhook.lib" />
  </ItemGroup>
</Project>