<?xml version="1.0" encoding="utf-8"?>
<Project ToolsVersion="4.0" xmlns="http://schemas.microsoft.com/developer/msbuild/2003">
  <ItemGroup>
    <ClCompile Include="dllmain.cpp" />
    <ClCompile Include="hack\cfg\cfg.cpp" />
    <ClCompile Include="hack\bootstrap.cpp" />
    <ClCompile Include="hack\features\misc\airacceleration_fix.cpp" />
    <ClCompile Include="hack\features\misc\bhop.cpp" />
    <ClCompile Include="hack\features\misc\autostrafer.cpp" />
    <ClCompile Include="hack\features\misc\airacceleration.cpp" />
    <ClCompile Include="hack\features\visuals\change_portal_colors.cpp" />
    <ClCompile Include="hack\features\visuals\mat_ambient_light.cpp" />
    <ClCompile Include="hack\features\visuals\chams.cpp" />
    <ClCompile Include="hack\features\visuals\trails.cpp" />
    <ClCompile Include="hack\hooks\hooked\create_move.cpp" />
    <ClCompile Include="hack\hooks\hooked\draw_model_execute.cpp" />
    <ClCompile Include="hack\hooks\hooked\override_view.cpp" />
    <ClCompile Include="hack\hooks\hooked\present.cpp" />
    <ClCompile Include="hack\hooks\hooked\reset.cpp" />
    <ClCompile Include="hack\hooks\hooks.cpp" />
    <ClCompile Include="hack\menu\imgui\imgui.cpp" />
    <ClCompile Include="hack\menu\imgui\imgui_draw.cpp" />
    <ClCompile Include="hack\menu\imgui\imgui_tables.cpp" />
    <ClCompile Include="hack\menu\imgui\imgui_widgets.cpp" />
    <ClCompile Include="hack\menu\imgui\impls\imgui_impl_dx9.cpp" />
    <ClCompile Include="hack\menu\imgui\impls\imgui_impl_win32.cpp" />
    <ClCompile Include="hack\menu\menu.cpp" />
    <ClCompile Include="hack\menu\ui\imgui_custom.cpp" />
    <ClCompile Include="sdk\portal.cpp" />
    <ClCompile Include="util\hooking\detours\detours.cpp" />
    <ClCompile Include="util\hooking\vmt\vmt.cpp" />
    <ClCompile Include="util\input\input.cpp" />
    <ClCompile Include="util\logger\logger.cpp" />
    <ClCompile Include="util\math\math.cpp" />
    <ClCompile Include="util\mem\mem.cpp" />
    <ClCompile Include="util\game\game.cpp" />
  </ItemGroup>
  <ItemGroup>
    <ClInclude Include="hack\cfg\cfg.hpp" />
    <ClInclude Include="hack\cfg\detail\json.hpp" />
    <ClInclude Include="hack\cfg\opts.hpp" />
    <ClInclude Include="hack\features\features.hpp" />
    <ClInclude Include="hack\features\misc\misc.hpp" />
    <ClInclude Include="hack\features\visuals\visuals.hpp" />
    <ClInclude Include="hack\hack.hpp" />
    <ClInclude Include="hack\hooks\hooks.hpp" />
    <ClInclude Include="hack\menu\imgui\imconfig.h" />
    <ClInclude Include="hack\menu\imgui\imgui.h" />
    <ClInclude Include="hack\menu\imgui\imgui_internal.h" />
    <ClInclude Include="hack\menu\imgui\impls\imgui_impl_dx9.h" />
    <ClInclude Include="hack\menu\imgui\impls\imgui_impl_win32.h" />
    <ClInclude Include="hack\menu\imgui\imstb_rectpack.h" />
    <ClInclude Include="hack\menu\imgui\imstb_textedit.h" />
    <ClInclude Include="hack\menu\imgui\imstb_truetype.h" />
    <ClInclude Include="hack\menu\menu.hpp" />
    <ClInclude Include="hack\menu\ui\imgui_custom.hpp" />
    <ClInclude Include="sdk\enums\enums.hpp" />
    <ClInclude Include="sdk\enums\e_cmd_buttons.hpp" />
    <ClInclude Include="sdk\enums\e_ent_flags.hpp" />
    <ClInclude Include="sdk\interfaces\c_clientmode.hpp" />
    <ClInclude Include="sdk\interfaces\c_cvar.hpp" />
    <ClInclude Include="sdk\interfaces\c_engine_client.hpp" />
    <ClInclude Include="sdk\interfaces\c_entitylist.hpp" />
    <ClInclude Include="sdk\interfaces\c_hl_client.hpp" />
    <ClInclude Include="sdk\interfaces\c_input.hpp" />
    <ClInclude Include="sdk\interfaces\c_input_stacksystem.hpp" />
    <ClInclude Include="sdk\interfaces\c_input_system.hpp" />
    <ClInclude Include="sdk\interfaces\c_mat_system.hpp" />
    <ClInclude Include="sdk\interfaces\c_model_render.hpp" />
    <ClInclude Include="sdk\interfaces\c_prop_portal.hpp" />
    <ClInclude Include="sdk\interfaces\c_studio_renderer.hpp" />
    <ClInclude Include="sdk\interfaces\interfaces.hpp" />
    <ClInclude Include="sdk\interfaces\c_global_vars.hpp" />
    <ClInclude Include="sdk\interfaces\i_model_info_client.hpp" />
    <ClInclude Include="sdk\interfaces\i_render_beams.hpp" />
    <ClInclude Include="sdk\interfaces\i_surface.hpp" />
    <ClInclude Include="sdk\misc\ang_t.hpp" />
    <ClInclude Include="sdk\misc\client_class.hpp" />
    <ClInclude Include="sdk\misc\color_t.hpp" />
    <ClInclude Include="sdk\misc\flt_range_t.hpp" />
    <ClInclude Include="sdk\misc\recv.hpp" />
    <ClInclude Include="sdk\misc\vec_t.hpp" />
    <ClInclude Include="sdk\portal.hpp" />
    <ClInclude Include="sdk\structs\c_base_entity.hpp" />
    <ClInclude Include="sdk\structs\c_base_player.hpp" />
    <ClInclude Include="sdk\structs\c_usercmd.hpp" />
    <ClInclude Include="util\hash\fnv.hpp" />
    <ClInclude Include="util\hooking\detours\detours.hpp" />
    <ClInclude Include="util\hooking\hooking.hpp" />
    <ClInclude Include="util\hooking\vmt\vmt.hpp" />
    <ClInclude Include="util\input\input.hpp" />
    <ClInclude Include="util\logger\logger.hpp" />
    <ClInclude Include="util\math\base.hpp" />
    <ClInclude Include="util\math\math.hpp" />
    <ClInclude Include="util\mem\addr\addr.hpp" />
    <ClInclude Include="util\mem\mem.hpp" />
    <ClInclude Include="util\mem\module\module.hpp" />
    <ClInclude Include="util\util.hpp" />
    <ClInclude Include="util\game\game.hpp" />
    <ClInclude Include="util\cast\cast.hpp" />
    <ClInclude Include="util\platform.hpp" />
  </ItemGroup>
</Project>